// !$*UTF8*$!
{
	archiveVersion = 1;
	classes = {
	};
	objectVersion = 46;
	objects = {

/* Begin PBXBuildFile section */
		A01C9EDD1D715179002A35BF /* main.m in Sources */ = {isa = PBXBuildFile; fileRef = A01C9EDC1D715179002A35BF /* main.m */; };
		A01C9EE01D715179002A35BF /* AppDelegate.m in Sources */ = {isa = PBXBuildFile; fileRef = A01C9EDF1D715179002A35BF /* AppDelegate.m */; };
		A01C9EE31D715179002A35BF /* FirstViewController.m in Sources */ = {isa = PBXBuildFile; fileRef = A01C9EE21D715179002A35BF /* FirstViewController.m */; };
		A01C9EE61D715179002A35BF /* SecondViewController.m in Sources */ = {isa = PBXBuildFile; fileRef = A01C9EE51D715179002A35BF /* SecondViewController.m */; };
		A01C9EE91D715179002A35BF /* Main.storyboard in Resources */ = {isa = PBXBuildFile; fileRef = A01C9EE71D715179002A35BF /* Main.storyboard */; };
		A01C9EEB1D715179002A35BF /* Assets.xcassets in Resources */ = {isa = PBXBuildFile; fileRef = A01C9EEA1D715179002A35BF /* Assets.xcassets */; };
		A01C9EEE1D715179002A35BF /* LaunchScreen.storyboard in Resources */ = {isa = PBXBuildFile; fileRef = A01C9EEC1D715179002A35BF /* LaunchScreen.storyboard */; };
/* End PBXBuildFile section */

/* Begin PBXFileReference section */
		A01C9ED81D715178002A35BF /* Examen.app */ = {isa = PBXFileReference; explicitFileType = wrapper.application; includeInIndex = 0; path = Examen.app; sourceTree = BUILT_PRODUCTS_DIR; };
		A01C9EDC1D715179002A35BF /* main.m */ = {isa = PBXFileReference; lastKnownFileType = sourcecode.c.objc; path = main.m; sourceTree = "<group>"; };
		A01C9EDE1D715179002A35BF /* AppDelegate.h */ = {isa = PBXFileReference; lastKnownFileType = sourcecode.c.h; path = AppDelegate.h; sourceTree = "<group>"; };
		A01C9EDF1D715179002A35BF /* AppDelegate.m */ = {isa = PBXFileReference; lastKnownFileType = sourcecode.c.objc; path = AppDelegate.m; sourceTree = "<group>"; };
		A01C9EE11D715179002A35BF /* FirstViewController.h */ = {isa = PBXFileReference; lastKnownFileType = sourcecode.c.h; path = FirstViewController.h; sourceTree = "<group>"; };
		A01C9EE21D715179002A35BF /* FirstViewController.m */ = {isa = PBXFileReference; lastKnownFileType = sourcecode.c.objc; path = FirstViewController.m; sourceTree = "<group>"; };
		A01C9EE41D715179002A35BF /* SecondViewController.h */ = {isa = PBXFileReference; lastKnownFileType = sourcecode.c.h; path = SecondViewController.h; sourceTree = "<group>"; };
		A01C9EE51D715179002A35BF /* SecondViewController.m */ = {isa = PBXFileReference; lastKnownFileType = sourcecode.c.objc; path = SecondViewController.m; sourceTree = "<group>"; };
		A01C9EE81D715179002A35BF /* Base */ = {isa = PBXFileReference; lastKnownFileType = file.storyboard; name = Base; path = Base.lproj/Main.storyboard; sourceTree = "<group>"; };
		A01C9EEA1D715179002A35BF /* Assets.xcassets */ = {isa = PBXFileReference; lastKnownFileType = folder.assetcatalog; path = Assets.xcassets; sourceTree = "<group>"; };
		A01C9EED1D715179002A35BF /* Base */ = {isa = PBXFileReference; lastKnownFileType = file.storyboard; name = Base; path = Base.lproj/LaunchScreen.storyboard; sourceTree = "<group>"; };
		A01C9EEF1D715179002A35BF /* Info.plist */ = {isa = PBXFileReference; lastKnownFileType = text.plist.xml; path = Info.plist; sourceTree = "<group>"; };
/* End PBXFileReference section */

/* Begin PBXFrameworksBuildPhase section */
		A01C9ED51D715178002A35BF /* Frameworks */ = {
			isa = PBXFrameworksBuildPhase;
			buildActionMask = 2147483647;
			files = (
			);
			runOnlyForDeploymentPostprocessing = 0;
		};
/* End PBXFrameworksBuildPhase section */

/* Begin PBXGroup section */
		A01C9ECF1D715178002A35BF = {
			isa = PBXGroup;
			children = (
				A01C9EDA1D715179002A35BF /* Examen */,
				A01C9ED91D715178002A35BF /* Products */,
			);
			sourceTree = "<group>";
		};
		A01C9ED91D715178002A35BF /* Products */ = {
			isa = PBXGroup;
			children = (
				A01C9ED81D715178002A35BF /* Examen.app */,
			);
			name = Products;
			sourceTree = "<group>";
		};
		A01C9EDA1D715179002A35BF /* Examen */ = {
			isa = PBXGroup;
			children = (
				A01C9EDE1D715179002A35BF /* AppDelegate.h */,
				A01C9EDF1D715179002A35BF /* AppDelegate.m */,
				A01C9EE11D715179002A35BF /* FirstViewController.h */,
				A01C9EE21D715179002A35BF /* FirstViewController.m */,
				A01C9EE41D715179002A35BF /* SecondViewController.h */,
				A01C9EE51D715179002A35BF /* SecondViewController.m */,
				A01C9EE71D715179002A35BF /* Main.storyboard */,
				A01C9EEA1D715179002A35BF /* Assets.xcassets */,
				A01C9EEC1D715179002A35BF /* LaunchScreen.storyboard */,
				A01C9EEF1D715179002A35BF /* Info.plist */,
				A01C9EDB1D715179002A35BF /* Supporting Files */,
			);
			path = Examen;
			sourceTree = "<group>";
		};
		A01C9EDB1D715179002A35BF /* Supporting Files */ = {
			isa = PBXGroup;
			children = (
				A01C9EDC1D715179002A35BF /* main.m */,
			);
			name = "Supporting Files";
			sourceTree = "<group>";
		};
/* End PBXGroup section */

/* Begin PBXNativeTarget section */
		A01C9ED71D715178002A35BF /* Examen */ = {
			isa = PBXNativeTarget;
			buildConfigurationList = A01C9EF21D715179002A35BF /* Build configuration list for PBXNativeTarget "Examen" */;
			buildPhases = (
				A01C9ED41D715178002A35BF /* Sources */,
				A01C9ED51D715178002A35BF /* Frameworks */,
				A01C9ED61D715178002A35BF /* Resources */,
			);
			buildRules = (
			);
			dependencies = (
			);
			name = Examen;
			productName = Examen;
			productReference = A01C9ED81D715178002A35BF /* Examen.app */;
			productType = "com.apple.product-type.application";
		};
/* End PBXNativeTarget section */

/* Begin PBXProject section */
		A01C9ED01D715178002A35BF /* Project object */ = {
			isa = PBXProject;
			attributes = {
				LastUpgradeCheck = 0730;
				ORGANIZATIONNAME = "Luis de Jesus Martin Castillo";
				TargetAttributes = {
					A01C9ED71D715178002A35BF = {
						CreatedOnToolsVersion = 7.3.1;
					};
				};
			};
			buildConfigurationList = A01C9ED31D715178002A35BF /* Build configuration list for PBXProject "Examen" */;
			compatibilityVersion = "Xcode 3.2";
			developmentRegion = English;
			hasScannedForEncodings = 0;
			knownRegions = (
				en,
				Base,
			);
			mainGroup = A01C9ECF1D715178002A35BF;
			productRefGroup = A01C9ED91D715178002A35BF /* Products */;
			projectDirPath = "";
			projectRoot = "";
			targets = (
				A01C9ED71D715178002A35BF /* Examen */,
			);
		};
/* End PBXProject section */

/* Begin PBXResourcesBuildPhase section */
		A01C9ED61D715178002A35BF /* Resources */ = {
			isa = PBXResourcesBuildPhase;
			buildActionMask = 2147483647;
			files = (
				A01C9EEE1D715179002A35BF /* LaunchScreen.storyboard in Resources */,
				A01C9EEB1D715179002A35BF /* Assets.xcassets in Resources */,
				A01C9EE91D715179002A35BF /* Main.storyboard in Resources */,
			);
			runOnlyForDeploymentPostprocessing = 0;
		};
/* End PBXResourcesBuildPhase section */

/* Begin PBXSourcesBuildPhase section */
		A01C9ED41D715178002A35BF /* Sources */ = {
			isa = PBXSourcesBuildPhase;
			buildActionMask = 2147483647;
			files = (
				A01C9EE61D715179002A35BF /* SecondViewController.m in Sources */,
				A01C9EE01D715179002A35BF /* AppDelegate.m in Sources */,
				A01C9EE31D715179002A35BF /* FirstViewController.m in Sources */,
				A01C9EDD1D715179002A35BF /* main.m in Sources */,
			);
			runOnlyForDeploymentPostprocessing = 0;
		};
/* End PBXSourcesBuildPhase section */

/* Begin PBXVariantGroup section */
		A01C9EE71D715179002A35BF /* Main.storyboard */ = {
			isa = PBXVariantGroup;
			children = (
				A01C9EE81D715179002A35BF /* Base */,
			);
			name = Main.storyboard;
			sourceTree = "<group>";
		};
		A01C9EEC1D715179002A35BF /* LaunchScreen.storyboard */ = {
			isa = PBXVariantGroup;
			children = (
				A01C9EED1D715179002A35BF /* Base */,
			);
			name = LaunchScreen.storyboard;
			sourceTree = "<group>";
		};
/* End PBXVariantGroup section */

/* Begin XCBuildConfiguration section */
		A01C9EF01D715179002A35BF /* Debug */ = {
			isa = XCBuildConfiguration;
			buildSettings = {
				ALWAYS_SEARCH_USER_PATHS = NO;
				CLANG_ANALYZER_NONNULL = YES;
				CLANG_CXX_LANGUAGE_STANDARD = "gnu++0x";
				CLANG_CXX_LIBRARY = "libc++";
				CLANG_ENABLE_MODULES = YES;
				CLANG_ENABLE_OBJC_ARC = YES;
				CLANG_WARN_BOOL_CONVERSION = YES;
				CLANG_WARN_CONSTANT_CONVERSION = YES;
				CLANG_WARN_DIRECT_OBJC_ISA_USAGE = YES_ERROR;
				CLANG_WARN_EMPTY_BODY = YES;
				CLANG_WARN_ENUM_CONVERSION = YES;
				CLANG_WARN_INT_CONVERSION = YES;
				CLANG_WARN_OBJC_ROOT_CLASS = YES_ERROR;
				CLANG_WARN_UNREACHABLE_CODE = YES;
				CLANG_WARN__DUPLICATE_METHOD_MATCH = YES;
				"CODE_SIGN_IDENTITY[sdk=iphoneos*]" = "iPhone Developer";
				COPY_PHASE_STRIP = NO;
				DEBUG_INFORMATION_FORMAT = dwarf;
				ENABLE_STRICT_OBJC_MSGSEND = YES;
				ENABLE_TESTABILITY = YES;
				GCC_C_LANGUAGE_STANDARD = gnu99;
				GCC_DYNAMIC_NO_PIC = NO;
				GCC_NO_COMMON_BLOCKS = YES;
				GCC_OPTIMIZATION_LEVEL = 0;
				GCC_PREPROCESSOR_DEFINITIONS = (
					"DEBUG=1",
					"$(inherited)",
				);
				GCC_WARN_64_TO_32_BIT_CONVERSION = YES;
				GCC_WARN_ABOUT_RETURN_TYPE = YES_ERROR;
				GCC_WARN_UNDECLARED_SELECTOR = YES;
				GCC_WARN_UNINITIALIZED_AUTOS = YES_AGGRESSIVE;
				GCC_WARN_UNUSED_FUNCTION = YES;
				GCC_WARN_UNUSED_VARIABLE = YES;
				IPHONEOS_DEPLOYMENT_TARGET = 9.3;
				MTL_ENABLE_DEBUG_INFO = YES;
				ONLY_ACTIVE_ARCH = YES;
				SDKROOT = iphoneos;
			};
			name = Debug;
		};
		A01C9EF11D715179002A35BF /* Release */ = {
			isa = XCBuildConfiguration;
			buildSettings = {
				ALWAYS_SEARCH_USER_PATHS = NO;
				CLANG_ANALYZER_NONNULL = YES;
				CLANG_CXX_LANGUAGE_STANDARD = "gnu++0x";
				CLANG_CXX_LIBRARY = "libc++";
				CLANG_ENABLE_MODULES = YES;
				CLANG_ENABLE_OBJC_ARC = YES;
				CLANG_WARN_BOOL_CONVERSION = YES;
				CLANG_WARN_CONSTANT_CONVERSION = YES;
				CLANG_WARN_DIRECT_OBJC_ISA_USAGE = YES_ERROR;
				CLANG_WARN_EMPTY_BODY = YES;
				CLANG_WARN_ENUM_CONVERSION = YES;
				CLANG_WARN_INT_CONVERSION = YES;
				CLANG_WARN_OBJC_ROOT_CLASS = YES_ERROR;
				CLANG_WARN_UNREACHABLE_CODE = YES;
				CLANG_WARN__DUPLICATE_METHOD_MATCH = YES;
				"CODE_SIGN_IDENTITY[sdk=iphoneos*]" = "iPhone Developer";
				COPY_PHASE_STRIP = NO;
				DEBUG_INFORMATION_FORMAT = "dwarf-with-dsym";
				ENABLE_NS_ASSERTIONS = NO;
				ENABLE_STRICT_OBJC_MSGSEND = YES;
				GCC_C_LANGUAGE_STANDARD = gnu99;
				GCC_NO_COMMON_BLOCKS = YES;
				GCC_WARN_64_TO_32_BIT_CONVERSION = YES;
				GCC_WARN_ABOUT_RETURN_TYPE = YES_ERROR;
				GCC_WARN_UNDECLARED_SELECTOR = YES;
				GCC_WARN_UNINITIALIZED_AUTOS = YES_AGGRESSIVE;
				GCC_WARN_UNUSED_FUNCTION = YES;
				GCC_WARN_UNUSED_VARIABLE = YES;
				IPHONEOS_DEPLOYMENT_TARGET = 9.3;
				MTL_ENABLE_DEBUG_INFO = NO;
				SDKROOT = iphoneos;
				VALIDATE_PRODUCT = YES;
			};
			name = Release;
		};
		A01C9EF31D715179002A35BF /* Debug */ = {
			isa = XCBuildConfiguration;
			buildSettings = {
				ASSETCATALOG_COMPILER_APPICON_NAME = AppIcon;
				INFOPLIST_FILE = Examen/Info.plist;
				LD_RUNPATH_SEARCH_PATHS = "$(inherited) @executable_path/Frameworks";
				PRODUCT_BUNDLE_IDENTIFIER = com.ljmc.examen.Examen;
				PRODUCT_NAME = "$(TARGET_NAME)";
			};
			name = Debug;
		};
		A01C9EF41D715179002A35BF /* Release */ = {
			isa = XCBuildConfiguration;
			buildSettings = {
				ASSETCATALOG_COMPILER_APPICON_NAME = AppIcon;
				INFOPLIST_FILE = Examen/Info.plist;
				LD_RUNPATH_SEARCH_PATHS = "$(inherited) @executable_path/Frameworks";
				PRODUCT_BUNDLE_IDENTIFIER = com.ljmc.examen.Examen;
				PRODUCT_NAME = "$(TARGET_NAME)";
			};
			name = Release;
		};
/* End XCBuildConfiguration section */

/* Begin XCConfigurationList section */
		A01C9ED31D715178002A35BF /* Build configuration list for PBXProject "Examen" */ = {
			isa = XCConfigurationList;
			buildConfigurations = (
				A01C9EF01D715179002A35BF /* Debug */,
				A01C9EF11D715179002A35BF /* Release */,
			);
			defaultConfigurationIsVisible = 0;
			defaultConfigurationName = Release;
		};
		A01C9EF21D715179002A35BF /* Build configuration list for PBXNativeTarget "Examen" */ = {
			isa = XCConfigurationList;
			buildConfigurations = (
				A01C9EF31D715179002A35BF /* Debug */,
				A01C9EF41D715179002A35BF /* Release */,
			);
			defaultConfigurationIsVisible = 0;
		};
/* End XCConfigurationList section */
	};
	rootObject = A01C9ED01D715178002A35BF /* Project object */;
}
